
Microsoft Visual Studio Solution File, Format Version 12.00
# Visual Studio Version 16
VisualStudioVersion = 16.0.30711.63
MinimumVisualStudioVersion = 10.0.40219.1
Project("{9A19103F-16F7-4668-BE54-9A1E7A4F7556}") = "GlobularEchoServer", "GlobularEchoServer.csproj", "{FF0C00A8-5E48-49D9-8D92-29E1ADECE3C9}"
EndProject
Global
	GlobalSection(SolutionConfigurationPlatforms) = preSolution
		Debug|Any CPU = Debug|Any CPU
		Release|Any CPU = Release|Any CPU
	EndGlobalSection
	GlobalSection(ProjectConfigurationPlatforms) = postSolution
		{FF0C00A8-5E48-49D9-8D92-29E1ADECE3C9}.Debug|Any CPU.ActiveCfg = Debug|Any CPU
		{FF0C00A8-5E48-49D9-8D92-29E1ADECE3C9}.Debug|Any CPU.Build.0 = Debug|Any CPU
		{FF0C00A8-5E48-49D9-8D92-29E1ADECE3C9}.Release|Any CPU.ActiveCfg = Release|Any CPU
		{FF0C00A8-5E48-49D9-8D92-29E1ADECE3C9}.Release|Any CPU.Build.0 = Release|Any CPU
	EndGlobalSection
	GlobalSection(SolutionProperties) = preSolution
		HideSolutionNode = FALSE
	EndGlobalSection
	GlobalSection(ExtensibilityGlobals) = postSolution
		SolutionGuid = {F34A1527-1AED-4A41-B9C3-52654AC80770}
	EndGlobalSection
EndGlobal
