
Microsoft Visual Studio Solution File, Format Version 12.00
# Visual Studio Version 16
VisualStudioVersion = 16.0.30711.63
MinimumVisualStudioVersion = 10.0.40219.1
Project("{9A19103F-16F7-4668-BE54-9A1E7A4F7556}") = "GlobularServer", "GlobularServer.csproj", "{8C7014C1-FCE1-481A-A011-F8F4807EBA99}"
EndProject
Global
	GlobalSection(SolutionConfigurationPlatforms) = preSolution
		Debug|Any CPU = Debug|Any CPU
		Release|Any CPU = Release|Any CPU
	EndGlobalSection
	GlobalSection(ProjectConfigurationPlatforms) = postSolution
		{8C7014C1-FCE1-481A-A011-F8F4807EBA99}.Debug|Any CPU.ActiveCfg = Debug|Any CPU
		{8C7014C1-FCE1-481A-A011-F8F4807EBA99}.Debug|Any CPU.Build.0 = Debug|Any CPU
		{8C7014C1-FCE1-481A-A011-F8F4807EBA99}.Release|Any CPU.ActiveCfg = Release|Any CPU
		{8C7014C1-FCE1-481A-A011-F8F4807EBA99}.Release|Any CPU.Build.0 = Release|Any CPU
	EndGlobalSection
	GlobalSection(SolutionProperties) = preSolution
		HideSolutionNode = FALSE
	EndGlobalSection
	GlobalSection(ExtensibilityGlobals) = postSolution
		SolutionGuid = {F841F07B-0D19-4383-AFF2-F1632B08B907}
	EndGlobalSection
EndGlobal
